
Microsoft Visual Studio Solution File, Format Version 12.00
# Visual Studio Version 17
VisualStudioVersion = 17.6.33829.357
MinimumVisualStudioVersion = 10.0.40219.1
Project("{FAE04EC0-301F-11D3-BF4B-00C04F79EFBC}") = "Composite", "Composite.csproj", "{4C8C23AA-F184-4504-8818-6A32C7BCF45B}"
EndProject
Global
	GlobalSection(SolutionConfigurationPlatforms) = preSolution
		Debug|Any CPU = Debug|Any CPU
		Release|Any CPU = Release|Any CPU
	EndGlobalSection
	GlobalSection(ProjectConfigurationPlatforms) = postSolution
		{4C8C23AA-F184-4504-8818-6A32C7BCF45B}.Debug|Any CPU.ActiveCfg = Debug|Any CPU
		{4C8C23AA-F184-4504-8818-6A32C7BCF45B}.Debug|Any CPU.Build.0 = Debug|Any CPU
		{4C8C23AA-F184-4504-8818-6A32C7BCF45B}.Release|Any CPU.ActiveCfg = Release|Any CPU
		{4C8C23AA-F184-4504-8818-6A32C7BCF45B}.Release|Any CPU.Build.0 = Release|Any CPU
	EndGlobalSection
	GlobalSection(SolutionProperties) = preSolution
		HideSolutionNode = FALSE
	EndGlobalSection
	GlobalSection(ExtensibilityGlobals) = postSolution
		SolutionGuid = {2EC42C06-776D-4F80-A9BD-5BE22608AF7B}
	EndGlobalSection
EndGlobal
