
Microsoft Visual Studio Solution File, Format Version 12.00
# Visual Studio Version 17
VisualStudioVersion = 17.14.36203.30 d17.14
MinimumVisualStudioVersion = 10.0.40219.1
Project("{FAE04EC0-301F-11D3-BF4B-00C04F79EFBC}") = "PerThread", "PerThread.csproj", "{E55A3F21-A4CE-471E-9D4F-15B0C8C7D54C}"
EndProject
Global
	GlobalSection(SolutionConfigurationPlatforms) = preSolution
		Debug|Any CPU = Debug|Any CPU
		Release|Any CPU = Release|Any CPU
	EndGlobalSection
	GlobalSection(ProjectConfigurationPlatforms) = postSolution
		{E55A3F21-A4CE-471E-9D4F-15B0C8C7D54C}.Debug|Any CPU.ActiveCfg = Debug|Any CPU
		{E55A3F21-A4CE-471E-9D4F-15B0C8C7D54C}.Debug|Any CPU.Build.0 = Debug|Any CPU
		{E55A3F21-A4CE-471E-9D4F-15B0C8C7D54C}.Release|Any CPU.ActiveCfg = Release|Any CPU
		{E55A3F21-A4CE-471E-9D4F-15B0C8C7D54C}.Release|Any CPU.Build.0 = Release|Any CPU
	EndGlobalSection
	GlobalSection(SolutionProperties) = preSolution
		HideSolutionNode = FALSE
	EndGlobalSection
	GlobalSection(ExtensibilityGlobals) = postSolution
		SolutionGuid = {A5112445-7B65-42DA-A0D6-7D834010A0C3}
	EndGlobalSection
EndGlobal
