
Microsoft Visual Studio Solution File, Format Version 12.00
# Visual Studio Version 17
VisualStudioVersion = 17.14.36203.30 d17.14
MinimumVisualStudioVersion = 10.0.40219.1
Project("{FAE04EC0-301F-11D3-BF4B-00C04F79EFBC}") = "Monostate", "Monostate.csproj", "{6F41E0FE-8F36-4043-B766-20A6C659E434}"
EndProject
Global
	GlobalSection(SolutionConfigurationPlatforms) = preSolution
		Debug|Any CPU = Debug|Any CPU
		Release|Any CPU = Release|Any CPU
	EndGlobalSection
	GlobalSection(ProjectConfigurationPlatforms) = postSolution
		{6F41E0FE-8F36-4043-B766-20A6C659E434}.Debug|Any CPU.ActiveCfg = Debug|Any CPU
		{6F41E0FE-8F36-4043-B766-20A6C659E434}.Debug|Any CPU.Build.0 = Debug|Any CPU
		{6F41E0FE-8F36-4043-B766-20A6C659E434}.Release|Any CPU.ActiveCfg = Release|Any CPU
		{6F41E0FE-8F36-4043-B766-20A6C659E434}.Release|Any CPU.Build.0 = Release|Any CPU
	EndGlobalSection
	GlobalSection(SolutionProperties) = preSolution
		HideSolutionNode = FALSE
	EndGlobalSection
	GlobalSection(ExtensibilityGlobals) = postSolution
		SolutionGuid = {2B0A35AA-411B-427D-B126-5BC4934C9E34}
	EndGlobalSection
EndGlobal
