
Microsoft Visual Studio Solution File, Format Version 12.00
# Visual Studio Version 17
VisualStudioVersion = 17.6.33829.357
MinimumVisualStudioVersion = 10.0.40219.1
Project("{FAE04EC0-301F-11D3-BF4B-00C04F79EFBC}") = "Facade_I", "Facade_I.csproj", "{B3A89E28-4F7F-4786-A030-41B77105FA26}"
EndProject
Global
	GlobalSection(SolutionConfigurationPlatforms) = preSolution
		Debug|Any CPU = Debug|Any CPU
		Release|Any CPU = Release|Any CPU
	EndGlobalSection
	GlobalSection(ProjectConfigurationPlatforms) = postSolution
		{B3A89E28-4F7F-4786-A030-41B77105FA26}.Debug|Any CPU.ActiveCfg = Debug|Any CPU
		{B3A89E28-4F7F-4786-A030-41B77105FA26}.Debug|Any CPU.Build.0 = Debug|Any CPU
		{B3A89E28-4F7F-4786-A030-41B77105FA26}.Release|Any CPU.ActiveCfg = Release|Any CPU
		{B3A89E28-4F7F-4786-A030-41B77105FA26}.Release|Any CPU.Build.0 = Release|Any CPU
	EndGlobalSection
	GlobalSection(SolutionProperties) = preSolution
		HideSolutionNode = FALSE
	EndGlobalSection
	GlobalSection(ExtensibilityGlobals) = postSolution
		SolutionGuid = {60B8B629-4197-447F-85B0-88E8609DEFFA}
	EndGlobalSection
EndGlobal
